
Microsoft Visual Studio Solution File, Format Version 12.00
# Visual Studio Version 17
VisualStudioVersion = 17.9.34902.65
MinimumVisualStudioVersion = 10.0.40219.1
Project("{FAE04EC0-301F-11D3-BF4B-00C04F79EFBC}") = "ConferirIdade", "ConferirIdade\ConferirIdade.csproj", "{43540CAB-84E1-4EBB-9556-270A3FD267A0}"
EndProject
Global
	GlobalSection(SolutionConfigurationPlatforms) = preSolution
		Debug|Any CPU = Debug|Any CPU
		Release|Any CPU = Release|Any CPU
	EndGlobalSection
	GlobalSection(ProjectConfigurationPlatforms) = postSolution
		{43540CAB-84E1-4EBB-9556-270A3FD267A0}.Debug|Any CPU.ActiveCfg = Debug|Any CPU
		{43540CAB-84E1-4EBB-9556-270A3FD267A0}.Debug|Any CPU.Build.0 = Debug|Any CPU
		{43540CAB-84E1-4EBB-9556-270A3FD267A0}.Release|Any CPU.ActiveCfg = Release|Any CPU
		{43540CAB-84E1-4EBB-9556-270A3FD267A0}.Release|Any CPU.Build.0 = Release|Any CPU
	EndGlobalSection
	GlobalSection(SolutionProperties) = preSolution
		HideSolutionNode = FALSE
	EndGlobalSection
	GlobalSection(ExtensibilityGlobals) = postSolution
		SolutionGuid = {DD22D655-D5C1-4C3A-8912-E00111FAEE78}
	EndGlobalSection
EndGlobal
